
Microsoft Visual Studio Solution File, Format Version 12.00
# Visual Studio Express 2012 for Windows Desktop
Project("{FAE04EC0-301F-11D3-BF4B-00C04F79EFBC}") = "Synonyms", "Synonyms\Synonyms.csproj", "{EBA9306E-6FA9-493A-8FAC-E6630FC074FB}"
EndProject
Global
	GlobalSection(SolutionConfigurationPlatforms) = preSolution
		Debug|Any CPU = Debug|Any CPU
		Release|Any CPU = Release|Any CPU
	EndGlobalSection
	GlobalSection(ProjectConfigurationPlatforms) = postSolution
		{EBA9306E-6FA9-493A-8FAC-E6630FC074FB}.Debug|Any CPU.ActiveCfg = Debug|Any CPU
		{EBA9306E-6FA9-493A-8FAC-E6630FC074FB}.Debug|Any CPU.Build.0 = Debug|Any CPU
		{EBA9306E-6FA9-493A-8FAC-E6630FC074FB}.Release|Any CPU.ActiveCfg = Release|Any CPU
		{EBA9306E-6FA9-493A-8FAC-E6630FC074FB}.Release|Any CPU.Build.0 = Release|Any CPU
	EndGlobalSection
	GlobalSection(SolutionProperties) = preSolution
		HideSolutionNode = FALSE
	EndGlobalSection
EndGlobal
